// !$*UTF8*$!
{
	archiveVersion = 1;
	classes = {
	};
	objectVersion = 46;
	objects = {

/* Begin PBXBuildFile section */
		84FE5C711CD6A8240048C6AA /* main.m in Sources */ = {isa = PBXBuildFile; fileRef = 84FE5C701CD6A8240048C6AA /* main.m */; };
		84FE5C741CD6A8240048C6AA /* AppDelegate.m in Sources */ = {isa = PBXBuildFile; fileRef = 84FE5C731CD6A8240048C6AA /* AppDelegate.m */; };
		84FE5C771CD6A8240048C6AA /* ViewController.m in Sources */ = {isa = PBXBuildFile; fileRef = 84FE5C761CD6A8240048C6AA /* ViewController.m */; };
		84FE5C7A1CD6A8240048C6AA /* Main.storyboard in Resources */ = {isa = PBXBuildFile; fileRef = 84FE5C781CD6A8240048C6AA /* Main.storyboard */; };
		84FE5C7C1CD6A8240048C6AA /* Assets.xcassets in Resources */ = {isa = PBXBuildFile; fileRef = 84FE5C7B1CD6A8240048C6AA /* Assets.xcassets */; };
		84FE5C7F1CD6A8240048C6AA /* LaunchScreen.storyboard in Resources */ = {isa = PBXBuildFile; fileRef = 84FE5C7D1CD6A8240048C6AA /* LaunchScreen.storyboard */; };
		84FE5C871CD6AA8F0048C6AA /* MapKit.framework in Frameworks */ = {isa = PBXBuildFile; fileRef = 84FE5C861CD6AA8F0048C6AA /* MapKit.framework */; };
		84FE5C891CD7063C0048C6AA /* CoreLocation.framework in Frameworks */ = {isa = PBXBuildFile; fileRef = 84FE5C881CD7063C0048C6AA /* CoreLocation.framework */; };
/* End PBXBuildFile section */

/* Begin PBXFileReference section */
		84FE5C6C1CD6A8240048C6AA /* MapKitBasic.app */ = {isa = PBXFileReference; explicitFileType = wrapper.application; includeInIndex = 0; path = MapKitBasic.app; sourceTree = BUILT_PRODUCTS_DIR; };
		84FE5C701CD6A8240048C6AA /* main.m */ = {isa = PBXFileReference; lastKnownFileType = sourcecode.c.objc; path = main.m; sourceTree = "<group>"; };
		84FE5C721CD6A8240048C6AA /* AppDelegate.h */ = {isa = PBXFileReference; lastKnownFileType = sourcecode.c.h; path = AppDelegate.h; sourceTree = "<group>"; };
		84FE5C731CD6A8240048C6AA /* AppDelegate.m */ = {isa = PBXFileReference; lastKnownFileType = sourcecode.c.objc; path = AppDelegate.m; sourceTree = "<group>"; };
		84FE5C751CD6A8240048C6AA /* ViewController.h */ = {isa = PBXFileReference; lastKnownFileType = sourcecode.c.h; path = ViewController.h; sourceTree = "<group>"; };
		84FE5C761CD6A8240048C6AA /* ViewController.m */ = {isa = PBXFileReference; lastKnownFileType = sourcecode.c.objc; path = ViewController.m; sourceTree = "<group>"; };
		84FE5C791CD6A8240048C6AA /* Base */ = {isa = PBXFileReference; lastKnownFileType = file.storyboard; name = Base; path = Base.lproj/Main.storyboard; sourceTree = "<group>"; };
		84FE5C7B1CD6A8240048C6AA /* Assets.xcassets */ = {isa = PBXFileReference; lastKnownFileType = folder.assetcatalog; path = Assets.xcassets; sourceTree = "<group>"; };
		84FE5C7E1CD6A8240048C6AA /* Base */ = {isa = PBXFileReference; lastKnownFileType = file.storyboard; name = Base; path = Base.lproj/LaunchScreen.storyboard; sourceTree = "<group>"; };
		84FE5C801CD6A8240048C6AA /* Info.plist */ = {isa = PBXFileReference; lastKnownFileType = text.plist.xml; path = Info.plist; sourceTree = "<group>"; };
		84FE5C861CD6AA8F0048C6AA /* MapKit.framework */ = {isa = PBXFileReference; lastKnownFileType = wrapper.framework; name = MapKit.framework; path = System/Library/Frameworks/MapKit.framework; sourceTree = SDKROOT; };
		84FE5C881CD7063C0048C6AA /* CoreLocation.framework */ = {isa = PBXFileReference; lastKnownFileType = wrapper.framework; name = CoreLocation.framework; path = System/Library/Frameworks/CoreLocation.framework; sourceTree = SDKROOT; };
/* End PBXFileReference section */

/* Begin PBXFrameworksBuildPhase section */
		84FE5C691CD6A8240048C6AA /* Frameworks */ = {
			isa = PBXFrameworksBuildPhase;
			buildActionMask = 2147483647;
			files = (
				84FE5C891CD7063C0048C6AA /* CoreLocation.framework in Frameworks */,
				84FE5C871CD6AA8F0048C6AA /* MapKit.framework in Frameworks */,
			);
			runOnlyForDeploymentPostprocessing = 0;
		};
/* End PBXFrameworksBuildPhase section */

/* Begin PBXGroup section */
		84FE5C631CD6A8240048C6AA = {
			isa = PBXGroup;
			children = (
				84FE5C881CD7063C0048C6AA /* CoreLocation.framework */,
				84FE5C861CD6AA8F0048C6AA /* MapKit.framework */,
				84FE5C6E1CD6A8240048C6AA /* MapKitBasic */,
				84FE5C6D1CD6A8240048C6AA /* Products */,
			);
			sourceTree = "<group>";
		};
		84FE5C6D1CD6A8240048C6AA /* Products */ = {
			isa = PBXGroup;
			children = (
				84FE5C6C1CD6A8240048C6AA /* MapKitBasic.app */,
			);
			name = Products;
			sourceTree = "<group>";
		};
		84FE5C6E1CD6A8240048C6AA /* MapKitBasic */ = {
			isa = PBXGroup;
			children = (
				84FE5C721CD6A8240048C6AA /* AppDelegate.h */,
				84FE5C731CD6A8240048C6AA /* AppDelegate.m */,
				84FE5C751CD6A8240048C6AA /* ViewController.h */,
				84FE5C761CD6A8240048C6AA /* ViewController.m */,
				84FE5C781CD6A8240048C6AA /* Main.storyboard */,
				84FE5C7B1CD6A8240048C6AA /* Assets.xcassets */,
				84FE5C7D1CD6A8240048C6AA /* LaunchScreen.storyboard */,
				84FE5C801CD6A8240048C6AA /* Info.plist */,
				84FE5C6F1CD6A8240048C6AA /* Supporting Files */,
			);
			path = MapKitBasic;
			sourceTree = "<group>";
		};
		84FE5C6F1CD6A8240048C6AA /* Supporting Files */ = {
			isa = PBXGroup;
			children = (
				84FE5C701CD6A8240048C6AA /* main.m */,
			);
			name = "Supporting Files";
			sourceTree = "<group>";
		};
/* End PBXGroup section */

/* Begin PBXNativeTarget section */
		84FE5C6B1CD6A8240048C6AA /* MapKitBasic */ = {
			isa = PBXNativeTarget;
			buildConfigurationList = 84FE5C831CD6A8240048C6AA /* Build configuration list for PBXNativeTarget "MapKitBasic" */;
			buildPhases = (
				84FE5C681CD6A8240048C6AA /* Sources */,
				84FE5C691CD6A8240048C6AA /* Frameworks */,
				84FE5C6A1CD6A8240048C6AA /* Resources */,
			);
			buildRules = (
			);
			dependencies = (
			);
			name = MapKitBasic;
			productName = MapKitBasic;
			productReference = 84FE5C6C1CD6A8240048C6AA /* MapKitBasic.app */;
			productType = "com.apple.product-type.application";
		};
/* End PBXNativeTarget section */

/* Begin PBXProject section */
		84FE5C641CD6A8240048C6AA /* Project object */ = {
			isa = PBXProject;
			attributes = {
				LastUpgradeCheck = 0730;
				ORGANIZATIONNAME = admin;
				TargetAttributes = {
					84FE5C6B1CD6A8240048C6AA = {
						CreatedOnToolsVersion = 7.3;
					};
				};
			};
			buildConfigurationList = 84FE5C671CD6A8240048C6AA /* Build configuration list for PBXProject "MapKitBasic" */;
			compatibilityVersion = "Xcode 3.2";
			developmentRegion = English;
			hasScannedForEncodings = 0;
			knownRegions = (
				en,
				Base,
			);
			mainGroup = 84FE5C631CD6A8240048C6AA;
			productRefGroup = 84FE5C6D1CD6A8240048C6AA /* Products */;
			projectDirPath = "";
			projectRoot = "";
			targets = (
				84FE5C6B1CD6A8240048C6AA /* MapKitBasic */,
			);
		};
/* End PBXProject section */

/* Begin PBXResourcesBuildPhase section */
		84FE5C6A1CD6A8240048C6AA /* Resources */ = {
			isa = PBXResourcesBuildPhase;
			buildActionMask = 2147483647;
			files = (
				84FE5C7F1CD6A8240048C6AA /* LaunchScreen.storyboard in Resources */,
				84FE5C7C1CD6A8240048C6AA /* Assets.xcassets in Resources */,
				84FE5C7A1CD6A8240048C6AA /* Main.storyboard in Resources */,
			);
			runOnlyForDeploymentPostprocessing = 0;
		};
/* End PBXResourcesBuildPhase section */

/* Begin PBXSourcesBuildPhase section */
		84FE5C681CD6A8240048C6AA /* Sources */ = {
			isa = PBXSourcesBuildPhase;
			buildActionMask = 2147483647;
			files = (
				84FE5C771CD6A8240048C6AA /* ViewController.m in Sources */,
				84FE5C741CD6A8240048C6AA /* AppDelegate.m in Sources */,
				84FE5C711CD6A8240048C6AA /* main.m in Sources */,
			);
			runOnlyForDeploymentPostprocessing = 0;
		};
/* End PBXSourcesBuildPhase section */

/* Begin PBXVariantGroup section */
		84FE5C781CD6A8240048C6AA /* Main.storyboard */ = {
			isa = PBXVariantGroup;
			children = (
				84FE5C791CD6A8240048C6AA /* Base */,
			);
			name = Main.storyboard;
			sourceTree = "<group>";
		};
		84FE5C7D1CD6A8240048C6AA /* LaunchScreen.storyboard */ = {
			isa = PBXVariantGroup;
			children = (
				84FE5C7E1CD6A8240048C6AA /* Base */,
			);
			name = LaunchScreen.storyboard;
			sourceTree = "<group>";
		};
/* End PBXVariantGroup section */

/* Begin XCBuildConfiguration section */
		84FE5C811CD6A8240048C6AA /* Debug */ = {
			isa = XCBuildConfiguration;
			buildSettings = {
				ALWAYS_SEARCH_USER_PATHS = NO;
				CLANG_ANALYZER_NONNULL = YES;
				CLANG_CXX_LANGUAGE_STANDARD = "gnu++0x";
				CLANG_CXX_LIBRARY = "libc++";
				CLANG_ENABLE_MODULES = YES;
				CLANG_ENABLE_OBJC_ARC = YES;
				CLANG_WARN_BOOL_CONVERSION = YES;
				CLANG_WARN_CONSTANT_CONVERSION = YES;
				CLANG_WARN_DIRECT_OBJC_ISA_USAGE = YES_ERROR;
				CLANG_WARN_EMPTY_BODY = YES;
				CLANG_WARN_ENUM_CONVERSION = YES;
				CLANG_WARN_INT_CONVERSION = YES;
				CLANG_WARN_OBJC_ROOT_CLASS = YES_ERROR;
				CLANG_WARN_UNREACHABLE_CODE = YES;
				CLANG_WARN__DUPLICATE_METHOD_MATCH = YES;
				"CODE_SIGN_IDENTITY[sdk=iphoneos*]" = "iPhone Developer";
				COPY_PHASE_STRIP = NO;
				DEBUG_INFORMATION_FORMAT = dwarf;
				ENABLE_STRICT_OBJC_MSGSEND = YES;
				ENABLE_TESTABILITY = YES;
				GCC_C_LANGUAGE_STANDARD = gnu99;
				GCC_DYNAMIC_NO_PIC = NO;
				GCC_NO_COMMON_BLOCKS = YES;
				GCC_OPTIMIZATION_LEVEL = 0;
				GCC_PREPROCESSOR_DEFINITIONS = (
					"DEBUG=1",
					"$(inherited)",
				);
				GCC_WARN_64_TO_32_BIT_CONVERSION = YES;
				GCC_WARN_ABOUT_RETURN_TYPE = YES_ERROR;
				GCC_WARN_UNDECLARED_SELECTOR = YES;
				GCC_WARN_UNINITIALIZED_AUTOS = YES_AGGRESSIVE;
				GCC_WARN_UNUSED_FUNCTION = YES;
				GCC_WARN_UNUSED_VARIABLE = YES;
				IPHONEOS_DEPLOYMENT_TARGET = 9.3;
				MTL_ENABLE_DEBUG_INFO = YES;
				ONLY_ACTIVE_ARCH = YES;
				SDKROOT = iphoneos;
				TARGETED_DEVICE_FAMILY = "1,2";
			};
			name = Debug;
		};
		84FE5C821CD6A8240048C6AA /* Release */ = {
			isa = XCBuildConfiguration;
			buildSettings = {
				ALWAYS_SEARCH_USER_PATHS = NO;
				CLANG_ANALYZER_NONNULL = YES;
				CLANG_CXX_LANGUAGE_STANDARD = "gnu++0x";
				CLANG_CXX_LIBRARY = "libc++";
				CLANG_ENABLE_MODULES = YES;
				CLANG_ENABLE_OBJC_ARC = YES;
				CLANG_WARN_BOOL_CONVERSION = YES;
				CLANG_WARN_CONSTANT_CONVERSION = YES;
				CLANG_WARN_DIRECT_OBJC_ISA_USAGE = YES_ERROR;
				CLANG_WARN_EMPTY_BODY = YES;
				CLANG_WARN_ENUM_CONVERSION = YES;
				CLANG_WARN_INT_CONVERSION = YES;
				CLANG_WARN_OBJC_ROOT_CLASS = YES_ERROR;
				CLANG_WARN_UNREACHABLE_CODE = YES;
				CLANG_WARN__DUPLICATE_METHOD_MATCH = YES;
				"CODE_SIGN_IDENTITY[sdk=iphoneos*]" = "iPhone Developer";
				COPY_PHASE_STRIP = NO;
				DEBUG_INFORMATION_FORMAT = "dwarf-with-dsym";
				ENABLE_NS_ASSERTIONS = NO;
				ENABLE_STRICT_OBJC_MSGSEND = YES;
				GCC_C_LANGUAGE_STANDARD = gnu99;
				GCC_NO_COMMON_BLOCKS = YES;
				GCC_WARN_64_TO_32_BIT_CONVERSION = YES;
				GCC_WARN_ABOUT_RETURN_TYPE = YES_ERROR;
				GCC_WARN_UNDECLARED_SELECTOR = YES;
				GCC_WARN_UNINITIALIZED_AUTOS = YES_AGGRESSIVE;
				GCC_WARN_UNUSED_FUNCTION = YES;
				GCC_WARN_UNUSED_VARIABLE = YES;
				IPHONEOS_DEPLOYMENT_TARGET = 9.3;
				MTL_ENABLE_DEBUG_INFO = NO;
				SDKROOT = iphoneos;
				TARGETED_DEVICE_FAMILY = "1,2";
				VALIDATE_PRODUCT = YES;
			};
			name = Release;
		};
		84FE5C841CD6A8240048C6AA /* Debug */ = {
			isa = XCBuildConfiguration;
			buildSettings = {
				ASSETCATALOG_COMPILER_APPICON_NAME = AppIcon;
				INFOPLIST_FILE = MapKitBasic/Info.plist;
				LD_RUNPATH_SEARCH_PATHS = "$(inherited) @executable_path/Frameworks";
				PRODUCT_BUNDLE_IDENTIFIER = com.ex.MapKitBasic;
				PRODUCT_NAME = "$(TARGET_NAME)";
			};
			name = Debug;
		};
		84FE5C851CD6A8240048C6AA /* Release */ = {
			isa = XCBuildConfiguration;
			buildSettings = {
				ASSETCATALOG_COMPILER_APPICON_NAME = AppIcon;
				INFOPLIST_FILE = MapKitBasic/Info.plist;
				LD_RUNPATH_SEARCH_PATHS = "$(inherited) @executable_path/Frameworks";
				PRODUCT_BUNDLE_IDENTIFIER = com.ex.MapKitBasic;
				PRODUCT_NAME = "$(TARGET_NAME)";
			};
			name = Release;
		};
/* End XCBuildConfiguration section */

/* Begin XCConfigurationList section */
		84FE5C671CD6A8240048C6AA /* Build configuration list for PBXProject "MapKitBasic" */ = {
			isa = XCConfigurationList;
			buildConfigurations = (
				84FE5C811CD6A8240048C6AA /* Debug */,
				84FE5C821CD6A8240048C6AA /* Release */,
			);
			defaultConfigurationIsVisible = 0;
			defaultConfigurationName = Release;
		};
		84FE5C831CD6A8240048C6AA /* Build configuration list for PBXNativeTarget "MapKitBasic" */ = {
			isa = XCConfigurationList;
			buildConfigurations = (
				84FE5C841CD6A8240048C6AA /* Debug */,
				84FE5C851CD6A8240048C6AA /* Release */,
			);
			defaultConfigurationIsVisible = 0;
		};
/* End XCConfigurationList section */
	};
	rootObject = 84FE5C641CD6A8240048C6AA /* Project object */;
}
